// !$*UTF8*$!
{
	archiveVersion = 1;
	classes = {
	};
	objectVersion = 48;
	objects = {

/* Begin PBXBuildFile section */
		6A0F0B4B202497320006C11B /* RepositoriesTrendingViewController.swift in Sources */ = {isa = PBXBuildFile; fileRef = 6A0F0B4A202497320006C11B /* RepositoriesTrendingViewController.swift */; };
		6A0F0B4D202498880006C11B /* DevelpoerTrendingViewController.swift in Sources */ = {isa = PBXBuildFile; fileRef = 6A0F0B4C202498880006C11B /* DevelpoerTrendingViewController.swift */; };
		6A0F0B4F20249A4D0006C11B /* MainViewController.swift in Sources */ = {isa = PBXBuildFile; fileRef = 6A0F0B4E20249A4D0006C11B /* MainViewController.swift */; };
		6A0F0B512024A1290006C11B /* MainTabBarViewController.swift in Sources */ = {isa = PBXBuildFile; fileRef = 6A0F0B502024A1290006C11B /* MainTabBarViewController.swift */; };
		6A0F0B542024AAB10006C11B /* ExampleBasicContentView.swift in Sources */ = {isa = PBXBuildFile; fileRef = 6A0F0B522024AAB00006C11B /* ExampleBasicContentView.swift */; };
		6A0F0B552024AAB10006C11B /* ExampleBouncesContentView.swift in Sources */ = {isa = PBXBuildFile; fileRef = 6A0F0B532024AAB10006C11B /* ExampleBouncesContentView.swift */; };
		6A236FA120233FF600075130 /* LaunchScreen.storyboard in Resources */ = {isa = PBXBuildFile; fileRef = 6A236FA020233FF600075130 /* LaunchScreen.storyboard */; };
		6A236FAA2023437300075130 /* NewsViewController.swift in Sources */ = {isa = PBXBuildFile; fileRef = 6A236FA92023437300075130 /* NewsViewController.swift */; };
		6A236FAC2023439700075130 /* News.storyboard in Resources */ = {isa = PBXBuildFile; fileRef = 6A236FAB2023439700075130 /* News.storyboard */; };
		6A2B2C3D2025FE0D0015CFD5 /* YCRefreshNormalHeader.swift in Sources */ = {isa = PBXBuildFile; fileRef = 6A2B2C3C2025FE0D0015CFD5 /* YCRefreshNormalHeader.swift */; };
		6A6FE1E72029D12000D9FDA2 /* Profile.storyboard in Resources */ = {isa = PBXBuildFile; fileRef = 6A6FE1E62029D12000D9FDA2 /* Profile.storyboard */; };
		6A6FE1EA2029D18600D9FDA2 /* ProfileViewController.swift in Sources */ = {isa = PBXBuildFile; fileRef = 6A6FE1E92029D18600D9FDA2 /* ProfileViewController.swift */; };
		C003A5FD20240687004D70EF /* Languages.plist in Resources */ = {isa = PBXBuildFile; fileRef = C003A5FC20240687004D70EF /* Languages.plist */; };
		C003A60920241CAE004D70EF /* UIColor-Extension.swift in Sources */ = {isa = PBXBuildFile; fileRef = C003A60820241CAE004D70EF /* UIColor-Extension.swift */; };
		C00FCD662027F0E700F7CA83 /* Configuration.swift in Sources */ = {isa = PBXBuildFile; fileRef = C00FCD652027F0E700F7CA83 /* Configuration.swift */; };
		C00FCD692027F73200F7CA83 /* UIImage-Extension.swift in Sources */ = {isa = PBXBuildFile; fileRef = C00FCD682027F73200F7CA83 /* UIImage-Extension.swift */; };
		C015B8B12029441600328BF0 /* TrendingHeaderView.swift in Sources */ = {isa = PBXBuildFile; fileRef = C015B8B02029441600328BF0 /* TrendingHeaderView.swift */; };
		C015B8B32029442900328BF0 /* TrendingHeaderView.xib in Resources */ = {isa = PBXBuildFile; fileRef = C015B8B22029442900328BF0 /* TrendingHeaderView.xib */; };
		C015B8B520294C8400328BF0 /* LanguageScreeningDataTool.swift in Sources */ = {isa = PBXBuildFile; fileRef = C015B8B420294C8400328BF0 /* LanguageScreeningDataTool.swift */; };
		C015B8C920297FA700328BF0 /* RepositoriesTableViewCell.swift in Sources */ = {isa = PBXBuildFile; fileRef = C015B8C720297FA700328BF0 /* RepositoriesTableViewCell.swift */; };
		C015B8CA20297FA700328BF0 /* RepositoriesTableViewCell.xib in Resources */ = {isa = PBXBuildFile; fileRef = C015B8C820297FA700328BF0 /* RepositoriesTableViewCell.xib */; };
		C015B8CC202988AD00328BF0 /* TrendingDevelpoerModel.swift in Sources */ = {isa = PBXBuildFile; fileRef = C015B8CB202988AD00328BF0 /* TrendingDevelpoerModel.swift */; };
		C015B8CF20298A9A00328BF0 /* DevelpoerTableViewCell.swift in Sources */ = {isa = PBXBuildFile; fileRef = C015B8CD20298A9A00328BF0 /* DevelpoerTableViewCell.swift */; };
		C015B8D020298A9A00328BF0 /* DevelpoerTableViewCell.xib in Resources */ = {isa = PBXBuildFile; fileRef = C015B8CE20298A9A00328BF0 /* DevelpoerTableViewCell.xib */; };
		C015B8D220298FDE00328BF0 /* UIImageView-Extension.swift in Sources */ = {isa = PBXBuildFile; fileRef = C015B8D120298FDE00328BF0 /* UIImageView-Extension.swift */; };
		C015B8D820299AF900328BF0 /* LoginRequest.swift in Sources */ = {isa = PBXBuildFile; fileRef = C015B8D720299AF900328BF0 /* LoginRequest.swift */; };
		C015B8DC2029A4C100328BF0 /* LoginOAuthController.swift in Sources */ = {isa = PBXBuildFile; fileRef = C015B8DB2029A4C100328BF0 /* LoginOAuthController.swift */; };
		C032012B202BEA0D009FA5C8 /* ProfileViewModel.swift in Sources */ = {isa = PBXBuildFile; fileRef = C032012A202BEA0D009FA5C8 /* ProfileViewModel.swift */; };
		C053FE71202A93A2003B70D8 /* Hud.swift in Sources */ = {isa = PBXBuildFile; fileRef = C053FE70202A93A2003B70D8 /* Hud.swift */; };
		C053FE73202A987B003B70D8 /* LodingView.swift in Sources */ = {isa = PBXBuildFile; fileRef = C053FE72202A987B003B70D8 /* LodingView.swift */; };
		C053FE75202A988D003B70D8 /* LodingView.xib in Resources */ = {isa = PBXBuildFile; fileRef = C053FE74202A988D003B70D8 /* LodingView.xib */; };
		C056D752202C092B00478378 /* FindeActivityViewController.swift in Sources */ = {isa = PBXBuildFile; fileRef = C056D751202C092B00478378 /* FindeActivityViewController.swift */; };
		C056D759202C1AF300478378 /* LoginViewController.swift in Sources */ = {isa = PBXBuildFile; fileRef = C056D758202C1AF300478378 /* LoginViewController.swift */; };
		C056D75B202C1AFE00478378 /* Login.storyboard in Resources */ = {isa = PBXBuildFile; fileRef = C056D75A202C1AFE00478378 /* Login.storyboard */; };
		C05B3352202D3D0600C17507 /* UIViewController-Extension.swift in Sources */ = {isa = PBXBuildFile; fileRef = C05B3351202D3D0600C17507 /* UIViewController-Extension.swift */; };
		C05B3365202D8D3800C17507 /* Settings.storyboard in Resources */ = {isa = PBXBuildFile; fileRef = C05B3364202D8D3800C17507 /* Settings.storyboard */; };
		C0ECF656202430E2002D7AAF /* String-Extension.swift in Sources */ = {isa = PBXBuildFile; fileRef = C0ECF655202430E2002D7AAF /* String-Extension.swift */; };
		C0ECF659202434CC002D7AAF /* DeBug.swift in Sources */ = {isa = PBXBuildFile; fileRef = C0ECF658202434CC002D7AAF /* DeBug.swift */; };
		C0ECF65B20244196002D7AAF /* NotificationCenter-Extension.swift in Sources */ = {isa = PBXBuildFile; fileRef = C0ECF65A20244196002D7AAF /* NotificationCenter-Extension.swift */; };
		C0ECF65D202442E7002D7AAF /* UserDefault-Extension.swift in Sources */ = {isa = PBXBuildFile; fileRef = C0ECF65C202442E7002D7AAF /* UserDefault-Extension.swift */; };
		C0ECF66120244688002D7AAF /* DecodableJSON.swift in Sources */ = {isa = PBXBuildFile; fileRef = C0ECF66020244688002D7AAF /* DecodableJSON.swift */; };
		C0ECF68D202454CD002D7AAF /* RequestTool.swift in Sources */ = {isa = PBXBuildFile; fileRef = C0ECF68C202454CD002D7AAF /* RequestTool.swift */; };
		C0ECF69120245DCD002D7AAF /* NetworkAgent.swift in Sources */ = {isa = PBXBuildFile; fileRef = C0ECF68E20245DCC002D7AAF /* NetworkAgent.swift */; };
		C0ECF69220245DCD002D7AAF /* Form.swift in Sources */ = {isa = PBXBuildFile; fileRef = C0ECF68F20245DCC002D7AAF /* Form.swift */; };
		C0ECF6962024654C002D7AAF /* Trending.storyboard in Resources */ = {isa = PBXBuildFile; fileRef = C0ECF6952024654C002D7AAF /* Trending.storyboard */; };
		C0ECF699202465B1002D7AAF /* TrendingViewController.swift in Sources */ = {isa = PBXBuildFile; fileRef = C0ECF698202465B1002D7AAF /* TrendingViewController.swift */; };
		C0ECF69C2024667A002D7AAF /* TrendingRepositoriesModel.swift in Sources */ = {isa = PBXBuildFile; fileRef = C0ECF69B2024667A002D7AAF /* TrendingRepositoriesModel.swift */; };
		C0ECF69E20246798002D7AAF /* BaseForm.swift in Sources */ = {isa = PBXBuildFile; fileRef = C0ECF69D20246798002D7AAF /* BaseForm.swift */; };
		C0F6CB262027FC6200F94CAB /* LanguageScreening.storyboard in Resources */ = {isa = PBXBuildFile; fileRef = C0F6CB252027FC6200F94CAB /* LanguageScreening.storyboard */; };
		C0F6CB292027FDC900F94CAB /* LanguageScreeningViewController.swift in Sources */ = {isa = PBXBuildFile; fileRef = C0F6CB282027FDC900F94CAB /* LanguageScreeningViewController.swift */; };
		C0F6CB2D2028049C00F94CAB /* LanguageModel.swift in Sources */ = {isa = PBXBuildFile; fileRef = C0F6CB2C2028049C00F94CAB /* LanguageModel.swift */; };
		C0F6CB312028116F00F94CAB /* Languages.json in Resources */ = {isa = PBXBuildFile; fileRef = C0F6CB302028116F00F94CAB /* Languages.json */; };
		C0F6CB352028269700F94CAB /* LanguageScreeningTableViewCell.swift in Sources */ = {isa = PBXBuildFile; fileRef = C0F6CB332028269700F94CAB /* LanguageScreeningTableViewCell.swift */; };
		C0F6CB362028269700F94CAB /* LanguageScreeningTableViewCell.xib in Resources */ = {isa = PBXBuildFile; fileRef = C0F6CB342028269700F94CAB /* LanguageScreeningTableViewCell.xib */; };
		C0FADC4B202C543500FEF84D /* YCHUD.swift in Sources */ = {isa = PBXBuildFile; fileRef = C0FADC4A202C543500FEF84D /* YCHUD.swift */; };
		C0FE7FE620230B6E00CA7E8D /* AppDelegate.swift in Sources */ = {isa = PBXBuildFile; fileRef = C0FE7FE520230B6E00CA7E8D /* AppDelegate.swift */; };
		C0FE7FE820230B6E00CA7E8D /* ViewController.swift in Sources */ = {isa = PBXBuildFile; fileRef = C0FE7FE720230B6E00CA7E8D /* ViewController.swift */; };
		C0FE7FED20230B6E00CA7E8D /* Assets.xcassets in Resources */ = {isa = PBXBuildFile; fileRef = C0FE7FEC20230B6E00CA7E8D /* Assets.xcassets */; };
		C0FE7FF9202311D100CA7E8D /* R.generated.swift in Sources */ = {isa = PBXBuildFile; fileRef = C0FE7FF8202311D000CA7E8D /* R.generated.swift */; };
		C0FF1D83202AD4D700483D3C /* KeychainTool.swift in Sources */ = {isa = PBXBuildFile; fileRef = C0202954202AAAF6003EAC26 /* KeychainTool.swift */; };
		C0FF1D87202AD61F00483D3C /* ProfileRequest.swift in Sources */ = {isa = PBXBuildFile; fileRef = C0FF1D86202AD61F00483D3C /* ProfileRequest.swift */; };
		C0FF1D8F202AE55D00483D3C /* ProfileHederTableViewCell.swift in Sources */ = {isa = PBXBuildFile; fileRef = C0FF1D8D202AE55D00483D3C /* ProfileHederTableViewCell.swift */; };
		C0FF1D90202AE55D00483D3C /* ProfileHederTableViewCell.xib in Resources */ = {isa = PBXBuildFile; fileRef = C0FF1D8E202AE55D00483D3C /* ProfileHederTableViewCell.xib */; };
		C0FF1D93202AE63700483D3C /* ProfileNumbersTableViewCell.swift in Sources */ = {isa = PBXBuildFile; fileRef = C0FF1D91202AE63700483D3C /* ProfileNumbersTableViewCell.swift */; };
		C0FF1D94202AE63700483D3C /* ProfileNumbersTableViewCell.xib in Resources */ = {isa = PBXBuildFile; fileRef = C0FF1D92202AE63700483D3C /* ProfileNumbersTableViewCell.xib */; };
		C0FF1D96202AE78F00483D3C /* ProfileTableViewControllerDataSource.swift in Sources */ = {isa = PBXBuildFile; fileRef = C0FF1D95202AE78F00483D3C /* ProfileTableViewControllerDataSource.swift */; };
		C0FF1D98202AEBB400483D3C /* NormalTableViewCellModel.swift in Sources */ = {isa = PBXBuildFile; fileRef = C0FF1D97202AEBB400483D3C /* NormalTableViewCellModel.swift */; };
		EBB370603A520D4622B32F62 /* Pods_YCGitHub.framework in Frameworks */ = {isa = PBXBuildFile; fileRef = CB94DA2357B80357D0E61AF0 /* Pods_YCGitHub.framework */; };
/* End PBXBuildFile section */

/* Begin PBXFileReference section */
		277567E66643A4ED39F170B5 /* Pods-YCGitHub.release.xcconfig */ = {isa = PBXFileReference; includeInIndex = 1; lastKnownFileType = text.xcconfig; name = "Pods-YCGitHub.release.xcconfig"; path = "Pods/Target Support Files/Pods-YCGitHub/Pods-YCGitHub.release.xcconfig"; sourceTree = "<group>"; };
		6A0F0B4A202497320006C11B /* RepositoriesTrendingViewController.swift */ = {isa = PBXFileReference; lastKnownFileType = sourcecode.swift; path = RepositoriesTrendingViewController.swift; sourceTree = "<group>"; };
		6A0F0B4C202498880006C11B /* DevelpoerTrendingViewController.swift */ = {isa = PBXFileReference; lastKnownFileType = sourcecode.swift; path = DevelpoerTrendingViewController.swift; sourceTree = "<group>"; };
		6A0F0B4E20249A4D0006C11B /* MainViewController.swift */ = {isa = PBXFileReference; lastKnownFileType = sourcecode.swift; path = MainViewController.swift; sourceTree = "<group>"; };
		6A0F0B502024A1290006C11B /* MainTabBarViewController.swift */ = {isa = PBXFileReference; lastKnownFileType = sourcecode.swift; path = MainTabBarViewController.swift; sourceTree = "<group>"; };
		6A0F0B522024AAB00006C11B /* ExampleBasicContentView.swift */ = {isa = PBXFileReference; fileEncoding = 4; lastKnownFileType = sourcecode.swift; path = ExampleBasicContentView.swift; sourceTree = "<group>"; };
		6A0F0B532024AAB10006C11B /* ExampleBouncesContentView.swift */ = {isa = PBXFileReference; fileEncoding = 4; lastKnownFileType = sourcecode.swift; path = ExampleBouncesContentView.swift; sourceTree = "<group>"; };
		6A236FA020233FF600075130 /* LaunchScreen.storyboard */ = {isa = PBXFileReference; lastKnownFileType = file.storyboard; path = LaunchScreen.storyboard; sourceTree = "<group>"; };
		6A236FA92023437300075130 /* NewsViewController.swift */ = {isa = PBXFileReference; lastKnownFileType = sourcecode.swift; path = NewsViewController.swift; sourceTree = "<group>"; };
		6A236FAB2023439700075130 /* News.storyboard */ = {isa = PBXFileReference; lastKnownFileType = file.storyboard; path = News.storyboard; sourceTree = "<group>"; };
		6A2B2C3C2025FE0D0015CFD5 /* YCRefreshNormalHeader.swift */ = {isa = PBXFileReference; lastKnownFileType = sourcecode.swift; path = YCRefreshNormalHeader.swift; sourceTree = "<group>"; };
		6A6FE1E62029D12000D9FDA2 /* Profile.storyboard */ = {isa = PBXFileReference; lastKnownFileType = file.storyboard; path = Profile.storyboard; sourceTree = "<group>"; };
		6A6FE1E92029D18600D9FDA2 /* ProfileViewController.swift */ = {isa = PBXFileReference; lastKnownFileType = sourcecode.swift; path = ProfileViewController.swift; sourceTree = "<group>"; };
		A6A4755A68D9BC3E02E5C417 /* Pods-YCGitHub.debug.xcconfig */ = {isa = PBXFileReference; includeInIndex = 1; lastKnownFileType = text.xcconfig; name = "Pods-YCGitHub.debug.xcconfig"; path = "Pods/Target Support Files/Pods-YCGitHub/Pods-YCGitHub.debug.xcconfig"; sourceTree = "<group>"; };
		C003A5FC20240687004D70EF /* Languages.plist */ = {isa = PBXFileReference; lastKnownFileType = text.plist.xml; path = Languages.plist; sourceTree = "<group>"; };
		C003A60820241CAE004D70EF /* UIColor-Extension.swift */ = {isa = PBXFileReference; lastKnownFileType = sourcecode.swift; path = "UIColor-Extension.swift"; sourceTree = "<group>"; };
		C00FCD652027F0E700F7CA83 /* Configuration.swift */ = {isa = PBXFileReference; lastKnownFileType = sourcecode.swift; path = Configuration.swift; sourceTree = "<group>"; };
		C00FCD682027F73200F7CA83 /* UIImage-Extension.swift */ = {isa = PBXFileReference; lastKnownFileType = sourcecode.swift; path = "UIImage-Extension.swift"; sourceTree = "<group>"; };
		C015B8B02029441600328BF0 /* TrendingHeaderView.swift */ = {isa = PBXFileReference; lastKnownFileType = sourcecode.swift; path = TrendingHeaderView.swift; sourceTree = "<group>"; };
		C015B8B22029442900328BF0 /* TrendingHeaderView.xib */ = {isa = PBXFileReference; lastKnownFileType = file.xib; path = TrendingHeaderView.xib; sourceTree = "<group>"; };
		C015B8B420294C8400328BF0 /* LanguageScreeningDataTool.swift */ = {isa = PBXFileReference; lastKnownFileType = sourcecode.swift; path = LanguageScreeningDataTool.swift; sourceTree = "<group>"; };
		C015B8C720297FA700328BF0 /* RepositoriesTableViewCell.swift */ = {isa = PBXFileReference; lastKnownFileType = sourcecode.swift; path = RepositoriesTableViewCell.swift; sourceTree = "<group>"; };
		C015B8C820297FA700328BF0 /* RepositoriesTableViewCell.xib */ = {isa = PBXFileReference; lastKnownFileType = file.xib; path = RepositoriesTableViewCell.xib; sourceTree = "<group>"; };
		C015B8CB202988AD00328BF0 /* TrendingDevelpoerModel.swift */ = {isa = PBXFileReference; lastKnownFileType = sourcecode.swift; path = TrendingDevelpoerModel.swift; sourceTree = "<group>"; };
		C015B8CD20298A9A00328BF0 /* DevelpoerTableViewCell.swift */ = {isa = PBXFileReference; lastKnownFileType = sourcecode.swift; path = DevelpoerTableViewCell.swift; sourceTree = "<group>"; };
		C015B8CE20298A9A00328BF0 /* DevelpoerTableViewCell.xib */ = {isa = PBXFileReference; lastKnownFileType = file.xib; path = DevelpoerTableViewCell.xib; sourceTree = "<group>"; };
		C015B8D120298FDE00328BF0 /* UIImageView-Extension.swift */ = {isa = PBXFileReference; lastKnownFileType = sourcecode.swift; path = "UIImageView-Extension.swift"; sourceTree = "<group>"; };
		C015B8D720299AF900328BF0 /* LoginRequest.swift */ = {isa = PBXFileReference; lastKnownFileType = sourcecode.swift; path = LoginRequest.swift; sourceTree = "<group>"; };
		C015B8DB2029A4C100328BF0 /* LoginOAuthController.swift */ = {isa = PBXFileReference; lastKnownFileType = sourcecode.swift; path = LoginOAuthController.swift; sourceTree = "<group>"; };
		C0202954202AAAF6003EAC26 /* KeychainTool.swift */ = {isa = PBXFileReference; lastKnownFileType = sourcecode.swift; path = KeychainTool.swift; sourceTree = "<group>"; };
		C032012A202BEA0D009FA5C8 /* ProfileViewModel.swift */ = {isa = PBXFileReference; lastKnownFileType = sourcecode.swift; path = ProfileViewModel.swift; sourceTree = "<group>"; };
		C053FE70202A93A2003B70D8 /* Hud.swift */ = {isa = PBXFileReference; lastKnownFileType = sourcecode.swift; path = Hud.swift; sourceTree = "<group>"; };
		C053FE72202A987B003B70D8 /* LodingView.swift */ = {isa = PBXFileReference; lastKnownFileType = sourcecode.swift; path = LodingView.swift; sourceTree = "<group>"; };
		C053FE74202A988D003B70D8 /* LodingView.xib */ = {isa = PBXFileReference; lastKnownFileType = file.xib; path = LodingView.xib; sourceTree = "<group>"; };
		C056D751202C092B00478378 /* FindeActivityViewController.swift */ = {isa = PBXFileReference; lastKnownFileType = sourcecode.swift; path = FindeActivityViewController.swift; sourceTree = "<group>"; };
		C056D758202C1AF300478378 /* LoginViewController.swift */ = {isa = PBXFileReference; lastKnownFileType = sourcecode.swift; path = LoginViewController.swift; sourceTree = "<group>"; };
		C056D75A202C1AFE00478378 /* Login.storyboard */ = {isa = PBXFileReference; lastKnownFileType = file.storyboard; path = Login.storyboard; sourceTree = "<group>"; };
		C05B3351202D3D0600C17507 /* UIViewController-Extension.swift */ = {isa = PBXFileReference; lastKnownFileType = sourcecode.swift; path = "UIViewController-Extension.swift"; sourceTree = "<group>"; };
		C05B3364202D8D3800C17507 /* Settings.storyboard */ = {isa = PBXFileReference; lastKnownFileType = file.storyboard; path = Settings.storyboard; sourceTree = "<group>"; };
		C0ECF655202430E2002D7AAF /* String-Extension.swift */ = {isa = PBXFileReference; lastKnownFileType = sourcecode.swift; path = "String-Extension.swift"; sourceTree = "<group>"; };
		C0ECF658202434CC002D7AAF /* DeBug.swift */ = {isa = PBXFileReference; lastKnownFileType = sourcecode.swift; path = DeBug.swift; sourceTree = "<group>"; };
		C0ECF65A20244196002D7AAF /* NotificationCenter-Extension.swift */ = {isa = PBXFileReference; lastKnownFileType = sourcecode.swift; path = "NotificationCenter-Extension.swift"; sourceTree = "<group>"; };
		C0ECF65C202442E7002D7AAF /* UserDefault-Extension.swift */ = {isa = PBXFileReference; lastKnownFileType = sourcecode.swift; path = "UserDefault-Extension.swift"; sourceTree = "<group>"; };
		C0ECF66020244688002D7AAF /* DecodableJSON.swift */ = {isa = PBXFileReference; fileEncoding = 4; lastKnownFileType = sourcecode.swift; path = DecodableJSON.swift; sourceTree = "<group>"; };
		C0ECF68C202454CD002D7AAF /* RequestTool.swift */ = {isa = PBXFileReference; fileEncoding = 4; lastKnownFileType = sourcecode.swift; path = RequestTool.swift; sourceTree = "<group>"; };
		C0ECF68E20245DCC002D7AAF /* NetworkAgent.swift */ = {isa = PBXFileReference; fileEncoding = 4; lastKnownFileType = sourcecode.swift; path = NetworkAgent.swift; sourceTree = "<group>"; };
		C0ECF68F20245DCC002D7AAF /* Form.swift */ = {isa = PBXFileReference; fileEncoding = 4; lastKnownFileType = sourcecode.swift; path = Form.swift; sourceTree = "<group>"; };
		C0ECF6952024654C002D7AAF /* Trending.storyboard */ = {isa = PBXFileReference; lastKnownFileType = file.storyboard; path = Trending.storyboard; sourceTree = "<group>"; };
		C0ECF698202465B1002D7AAF /* TrendingViewController.swift */ = {isa = PBXFileReference; lastKnownFileType = sourcecode.swift; path = TrendingViewController.swift; sourceTree = "<group>"; };
		C0ECF69B2024667A002D7AAF /* TrendingRepositoriesModel.swift */ = {isa = PBXFileReference; lastKnownFileType = sourcecode.swift; path = TrendingRepositoriesModel.swift; sourceTree = "<group>"; };
		C0ECF69D20246798002D7AAF /* BaseForm.swift */ = {isa = PBXFileReference; lastKnownFileType = sourcecode.swift; path = BaseForm.swift; sourceTree = "<group>"; };
		C0F6CB252027FC6200F94CAB /* LanguageScreening.storyboard */ = {isa = PBXFileReference; lastKnownFileType = file.storyboard; path = LanguageScreening.storyboard; sourceTree = "<group>"; };
		C0F6CB282027FDC900F94CAB /* LanguageScreeningViewController.swift */ = {isa = PBXFileReference; lastKnownFileType = sourcecode.swift; path = LanguageScreeningViewController.swift; sourceTree = "<group>"; };
		C0F6CB2C2028049C00F94CAB /* LanguageModel.swift */ = {isa = PBXFileReference; lastKnownFileType = sourcecode.swift; path = LanguageModel.swift; sourceTree = "<group>"; };
		C0F6CB302028116F00F94CAB /* Languages.json */ = {isa = PBXFileReference; fileEncoding = 4; lastKnownFileType = text.json; path = Languages.json; sourceTree = "<group>"; };
		C0F6CB332028269700F94CAB /* LanguageScreeningTableViewCell.swift */ = {isa = PBXFileReference; lastKnownFileType = sourcecode.swift; path = LanguageScreeningTableViewCell.swift; sourceTree = "<group>"; };
		C0F6CB342028269700F94CAB /* LanguageScreeningTableViewCell.xib */ = {isa = PBXFileReference; lastKnownFileType = file.xib; path = LanguageScreeningTableViewCell.xib; sourceTree = "<group>"; };
		C0FADC4A202C543500FEF84D /* YCHUD.swift */ = {isa = PBXFileReference; lastKnownFileType = sourcecode.swift; path = YCHUD.swift; sourceTree = "<group>"; };
		C0FE7FE220230B6E00CA7E8D /* YCGitHub.app */ = {isa = PBXFileReference; explicitFileType = wrapper.application; includeInIndex = 0; path = YCGitHub.app; sourceTree = BUILT_PRODUCTS_DIR; };
		C0FE7FE520230B6E00CA7E8D /* AppDelegate.swift */ = {isa = PBXFileReference; lastKnownFileType = sourcecode.swift; path = AppDelegate.swift; sourceTree = "<group>"; };
		C0FE7FE720230B6E00CA7E8D /* ViewController.swift */ = {isa = PBXFileReference; lastKnownFileType = sourcecode.swift; path = ViewController.swift; sourceTree = "<group>"; };
		C0FE7FEC20230B6E00CA7E8D /* Assets.xcassets */ = {isa = PBXFileReference; lastKnownFileType = folder.assetcatalog; path = Assets.xcassets; sourceTree = "<group>"; };
		C0FE7FF120230B6E00CA7E8D /* Info.plist */ = {isa = PBXFileReference; lastKnownFileType = text.plist.xml; path = Info.plist; sourceTree = "<group>"; };
		C0FE7FF8202311D000CA7E8D /* R.generated.swift */ = {isa = PBXFileReference; fileEncoding = 4; lastKnownFileType = sourcecode.swift; name = R.generated.swift; path = YCGitHub/R.generated.swift; sourceTree = SOURCE_ROOT; };
		C0FF1D86202AD61F00483D3C /* ProfileRequest.swift */ = {isa = PBXFileReference; lastKnownFileType = sourcecode.swift; path = ProfileRequest.swift; sourceTree = "<group>"; };
		C0FF1D8D202AE55D00483D3C /* ProfileHederTableViewCell.swift */ = {isa = PBXFileReference; lastKnownFileType = sourcecode.swift; path = ProfileHederTableViewCell.swift; sourceTree = "<group>"; };
		C0FF1D8E202AE55D00483D3C /* ProfileHederTableViewCell.xib */ = {isa = PBXFileReference; lastKnownFileType = file.xib; path = ProfileHederTableViewCell.xib; sourceTree = "<group>"; };
		C0FF1D91202AE63700483D3C /* ProfileNumbersTableViewCell.swift */ = {isa = PBXFileReference; lastKnownFileType = sourcecode.swift; path = ProfileNumbersTableViewCell.swift; sourceTree = "<group>"; };
		C0FF1D92202AE63700483D3C /* ProfileNumbersTableViewCell.xib */ = {isa = PBXFileReference; lastKnownFileType = file.xib; path = ProfileNumbersTableViewCell.xib; sourceTree = "<group>"; };
		C0FF1D95202AE78F00483D3C /* ProfileTableViewControllerDataSource.swift */ = {isa = PBXFileReference; lastKnownFileType = sourcecode.swift; path = ProfileTableViewControllerDataSource.swift; sourceTree = "<group>"; };
		C0FF1D97202AEBB400483D3C /* NormalTableViewCellModel.swift */ = {isa = PBXFileReference; lastKnownFileType = sourcecode.swift; path = NormalTableViewCellModel.swift; sourceTree = "<group>"; };
		CB94DA2357B80357D0E61AF0 /* Pods_YCGitHub.framework */ = {isa = PBXFileReference; explicitFileType = wrapper.framework; includeInIndex = 0; path = Pods_YCGitHub.framework; sourceTree = BUILT_PRODUCTS_DIR; };
/* End PBXFileReference section */

/* Begin PBXFrameworksBuildPhase section */
		C0FE7FDF20230B6E00CA7E8D /* Frameworks */ = {
			isa = PBXFrameworksBuildPhase;
			buildActionMask = 2147483647;
			files = (
				EBB370603A520D4622B32F62 /* Pods_YCGitHub.framework in Frameworks */,
			);
			runOnlyForDeploymentPostprocessing = 0;
		};
/* End PBXFrameworksBuildPhase section */

/* Begin PBXGroup section */
		3DA1E46C0F31CB23F228E177 /* Pods */ = {
			isa = PBXGroup;
			children = (
				A6A4755A68D9BC3E02E5C417 /* Pods-YCGitHub.debug.xcconfig */,
				277567E66643A4ED39F170B5 /* Pods-YCGitHub.release.xcconfig */,
			);
			name = Pods;
			sourceTree = "<group>";
		};
		43747A79C502AAF2B7773092 /* Frameworks */ = {
			isa = PBXGroup;
			children = (
				CB94DA2357B80357D0E61AF0 /* Pods_YCGitHub.framework */,
			);
			name = Frameworks;
			sourceTree = "<group>";
		};
		6A236FA22023403F00075130 /* Classes */ = {
			isa = PBXGroup;
			children = (
				C05B3363202D8D2800C17507 /* Setting */,
				6A6FE1E52029D10C00D9FDA2 /* Profile */,
				C015B8D320299AAB00328BF0 /* Login */,
				C0F6CB242027FC0C00F94CAB /* LanguageScreening */,
				C0ECF694202464EB002D7AAF /* Trending */,
				6A236FA52023417D00075130 /* News */,
				6A236FA32023405300075130 /* Main */,
				C0ECF657202434BD002D7AAF /* Tool */,
				C003A6072024106C004D70EF /* Extension */,
			);
			path = Classes;
			sourceTree = "<group>";
		};
		6A236FA32023405300075130 /* Main */ = {
			isa = PBXGroup;
			children = (
				6A0F0B522024AAB00006C11B /* ExampleBasicContentView.swift */,
				6A0F0B532024AAB10006C11B /* ExampleBouncesContentView.swift */,
				C0FE7FE520230B6E00CA7E8D /* AppDelegate.swift */,
				6A0F0B4E20249A4D0006C11B /* MainViewController.swift */,
				6A0F0B502024A1290006C11B /* MainTabBarViewController.swift */,
			);
			path = Main;
			sourceTree = "<group>";
		};
		6A236FA42023408700075130 /* SupportFile */ = {
			isa = PBXGroup;
			children = (
				C0F6CB302028116F00F94CAB /* Languages.json */,
				C0FE7FF8202311D000CA7E8D /* R.generated.swift */,
				6A236FA020233FF600075130 /* LaunchScreen.storyboard */,
				C0FE7FEC20230B6E00CA7E8D /* Assets.xcassets */,
				C0FE7FF120230B6E00CA7E8D /* Info.plist */,
				C003A5FC20240687004D70EF /* Languages.plist */,
			);
			name = SupportFile;
			sourceTree = "<group>";
		};
		6A236FA52023417D00075130 /* News */ = {
			isa = PBXGroup;
			children = (
				6A236FA8202341C900075130 /* Model */,
				6A236FA7202341C200075130 /* View */,
				6A236FA6202341B400075130 /* Controller */,
				6A236FAB2023439700075130 /* News.storyboard */,
			);
			path = News;
			sourceTree = "<group>";
		};
		6A236FA6202341B400075130 /* Controller */ = {
			isa = PBXGroup;
			children = (
				6A236FA92023437300075130 /* NewsViewController.swift */,
			);
			path = Controller;
			sourceTree = "<group>";
		};
		6A236FA7202341C200075130 /* View */ = {
			isa = PBXGroup;
			children = (
			);
			path = View;
			sourceTree = "<group>";
		};
		6A236FA8202341C900075130 /* Model */ = {
			isa = PBXGroup;
			children = (
			);
			path = Model;
			sourceTree = "<group>";
		};
		6A2B2C3B2025FDDC0015CFD5 /* Refresh */ = {
			isa = PBXGroup;
			children = (
				6A2B2C3C2025FE0D0015CFD5 /* YCRefreshNormalHeader.swift */,
			);
			path = Refresh;
			sourceTree = "<group>";
		};
		6A6FE1E52029D10C00D9FDA2 /* Profile */ = {
			isa = PBXGroup;
			children = (
				C0FF1D88202ADCB400483D3C /* View */,
				C0FF1D85202AD5FD00483D3C /* Model */,
				6A6FE1E82029D12400D9FDA2 /* Controller */,
				6A6FE1E62029D12000D9FDA2 /* Profile.storyboard */,
			);
			path = Profile;
			sourceTree = "<group>";
		};
		6A6FE1E82029D12400D9FDA2 /* Controller */ = {
			isa = PBXGroup;
			children = (
				6A6FE1E92029D18600D9FDA2 /* ProfileViewController.swift */,
			);
			path = Controller;
			sourceTree = "<group>";
		};
		C003A6072024106C004D70EF /* Extension */ = {
			isa = PBXGroup;
			children = (
				C003A60820241CAE004D70EF /* UIColor-Extension.swift */,
				C0ECF655202430E2002D7AAF /* String-Extension.swift */,
				C0ECF65A20244196002D7AAF /* NotificationCenter-Extension.swift */,
				C0ECF65C202442E7002D7AAF /* UserDefault-Extension.swift */,
				C00FCD682027F73200F7CA83 /* UIImage-Extension.swift */,
				C015B8D120298FDE00328BF0 /* UIImageView-Extension.swift */,
				C05B3351202D3D0600C17507 /* UIViewController-Extension.swift */,
			);
			path = Extension;
			sourceTree = "<group>";
		};
		C015B8AF202943EE00328BF0 /* View */ = {
			isa = PBXGroup;
			children = (
				C015B8B02029441600328BF0 /* TrendingHeaderView.swift */,
				C015B8B22029442900328BF0 /* TrendingHeaderView.xib */,
				C015B8C720297FA700328BF0 /* RepositoriesTableViewCell.swift */,
				C015B8C820297FA700328BF0 /* RepositoriesTableViewCell.xib */,
				C015B8CD20298A9A00328BF0 /* DevelpoerTableViewCell.swift */,
				C015B8CE20298A9A00328BF0 /* DevelpoerTableViewCell.xib */,
			);
			path = View;
			sourceTree = "<group>";
		};
		C015B8D320299AAB00328BF0 /* Login */ = {
			isa = PBXGroup;
			children = (
				C015B8D920299B0300328BF0 /* Controller */,
				C015B8D620299AD800328BF0 /* Model */,
				C056D75A202C1AFE00478378 /* Login.storyboard */,
			);
			path = Login;
			sourceTree = "<group>";
		};
		C015B8D620299AD800328BF0 /* Model */ = {
			isa = PBXGroup;
			children = (
				C015B8D720299AF900328BF0 /* LoginRequest.swift */,
			);
			path = Model;
			sourceTree = "<group>";
		};
		C015B8D920299B0300328BF0 /* Controller */ = {
			isa = PBXGroup;
			children = (
				C015B8DB2029A4C100328BF0 /* LoginOAuthController.swift */,
				C056D758202C1AF300478378 /* LoginViewController.swift */,
			);
			path = Controller;
			sourceTree = "<group>";
		};
		C05B3363202D8D2800C17507 /* Setting */ = {
			isa = PBXGroup;
			children = (
				C05B3366202D8D5800C17507 /* Controller */,
				C05B3364202D8D3800C17507 /* Settings.storyboard */,
			);
			path = Setting;
			sourceTree = "<group>";
		};
		C05B3366202D8D5800C17507 /* Controller */ = {
			isa = PBXGroup;
			children = (
			);
			path = Controller;
			sourceTree = "<group>";
		};
		C0ECF657202434BD002D7AAF /* Tool */ = {
			isa = PBXGroup;
			children = (
				C0FF1D84202AD53A00483D3C /* Request */,
				6A2B2C3B2025FDDC0015CFD5 /* Refresh */,
				C00FCD652027F0E700F7CA83 /* Configuration.swift */,
				C015B8B420294C8400328BF0 /* LanguageScreeningDataTool.swift */,
				C053FE70202A93A2003B70D8 /* Hud.swift */,
				C053FE72202A987B003B70D8 /* LodingView.swift */,
				C053FE74202A988D003B70D8 /* LodingView.xib */,
				C0202954202AAAF6003EAC26 /* KeychainTool.swift */,
				C0ECF658202434CC002D7AAF /* DeBug.swift */,
				C056D751202C092B00478378 /* FindeActivityViewController.swift */,
				C0FADC4A202C543500FEF84D /* YCHUD.swift */,
			);
			path = Tool;
			sourceTree = "<group>";
		};
		C0ECF694202464EB002D7AAF /* Trending */ = {
			isa = PBXGroup;
			children = (
				C015B8AF202943EE00328BF0 /* View */,
				C0ECF69A20246639002D7AAF /* Model */,
				C0ECF6972024659B002D7AAF /* Controller */,
				C0ECF6952024654C002D7AAF /* Trending.storyboard */,
			);
			path = Trending;
			sourceTree = "<group>";
		};
		C0ECF6972024659B002D7AAF /* Controller */ = {
			isa = PBXGroup;
			children = (
				C0ECF698202465B1002D7AAF /* TrendingViewController.swift */,
				6A0F0B4A202497320006C11B /* RepositoriesTrendingViewController.swift */,
				6A0F0B4C202498880006C11B /* DevelpoerTrendingViewController.swift */,
			);
			path = Controller;
			sourceTree = "<group>";
		};
		C0ECF69A20246639002D7AAF /* Model */ = {
			isa = PBXGroup;
			children = (
				C0ECF69B2024667A002D7AAF /* TrendingRepositoriesModel.swift */,
				C015B8CB202988AD00328BF0 /* TrendingDevelpoerModel.swift */,
			);
			path = Model;
			sourceTree = "<group>";
		};
		C0F6CB242027FC0C00F94CAB /* LanguageScreening */ = {
			isa = PBXGroup;
			children = (
				C0F6CB322028267700F94CAB /* View */,
				C0F6CB2B2028048A00F94CAB /* Model */,
				C0F6CB272027FDB300F94CAB /* Controller */,
				C0F6CB252027FC6200F94CAB /* LanguageScreening.storyboard */,
			);
			path = LanguageScreening;
			sourceTree = "<group>";
		};
		C0F6CB272027FDB300F94CAB /* Controller */ = {
			isa = PBXGroup;
			children = (
				C0F6CB282027FDC900F94CAB /* LanguageScreeningViewController.swift */,
			);
			path = Controller;
			sourceTree = "<group>";
		};
		C0F6CB2B2028048A00F94CAB /* Model */ = {
			isa = PBXGroup;
			children = (
				C0F6CB2C2028049C00F94CAB /* LanguageModel.swift */,
			);
			path = Model;
			sourceTree = "<group>";
		};
		C0F6CB322028267700F94CAB /* View */ = {
			isa = PBXGroup;
			children = (
				C0F6CB332028269700F94CAB /* LanguageScreeningTableViewCell.swift */,
				C0F6CB342028269700F94CAB /* LanguageScreeningTableViewCell.xib */,
			);
			path = View;
			sourceTree = "<group>";
		};
		C0FE7FD920230B6E00CA7E8D = {
			isa = PBXGroup;
			children = (
				C0FE7FE420230B6E00CA7E8D /* YCGitHub */,
				C0FE7FE320230B6E00CA7E8D /* Products */,
				3DA1E46C0F31CB23F228E177 /* Pods */,
				43747A79C502AAF2B7773092 /* Frameworks */,
			);
			sourceTree = "<group>";
		};
		C0FE7FE320230B6E00CA7E8D /* Products */ = {
			isa = PBXGroup;
			children = (
				C0FE7FE220230B6E00CA7E8D /* YCGitHub.app */,
			);
			name = Products;
			sourceTree = "<group>";
		};
		C0FE7FE420230B6E00CA7E8D /* YCGitHub */ = {
			isa = PBXGroup;
			children = (
				6A236FA22023403F00075130 /* Classes */,
				6A236FA42023408700075130 /* SupportFile */,
				C0FE7FE720230B6E00CA7E8D /* ViewController.swift */,
			);
			path = YCGitHub;
			sourceTree = "<group>";
		};
		C0FF1D84202AD53A00483D3C /* Request */ = {
			isa = PBXGroup;
			children = (
				C0ECF68E20245DCC002D7AAF /* NetworkAgent.swift */,
				C0ECF68F20245DCC002D7AAF /* Form.swift */,
				C0ECF68C202454CD002D7AAF /* RequestTool.swift */,
				C0ECF66020244688002D7AAF /* DecodableJSON.swift */,
				C0ECF69D20246798002D7AAF /* BaseForm.swift */,
			);
			path = Request;
			sourceTree = "<group>";
		};
		C0FF1D85202AD5FD00483D3C /* Model */ = {
			isa = PBXGroup;
			children = (
				C0FF1D86202AD61F00483D3C /* ProfileRequest.swift */,
				C0FF1D95202AE78F00483D3C /* ProfileTableViewControllerDataSource.swift */,
				C0FF1D97202AEBB400483D3C /* NormalTableViewCellModel.swift */,
				C032012A202BEA0D009FA5C8 /* ProfileViewModel.swift */,
			);
			path = Model;
			sourceTree = "<group>";
		};
		C0FF1D88202ADCB400483D3C /* View */ = {
			isa = PBXGroup;
			children = (
				C0FF1D8D202AE55D00483D3C /* ProfileHederTableViewCell.swift */,
				C0FF1D8E202AE55D00483D3C /* ProfileHederTableViewCell.xib */,
				C0FF1D91202AE63700483D3C /* ProfileNumbersTableViewCell.swift */,
				C0FF1D92202AE63700483D3C /* ProfileNumbersTableViewCell.xib */,
			);
			path = View;
			sourceTree = "<group>";
		};
/* End PBXGroup section */

/* Begin PBXNativeTarget section */
		C0FE7FE120230B6E00CA7E8D /* YCGitHub */ = {
			isa = PBXNativeTarget;
			buildConfigurationList = C0FE7FF420230B6E00CA7E8D /* Build configuration list for PBXNativeTarget "YCGitHub" */;
			buildPhases = (
				2B588E968957E039FDEC19FC /* [CP] Check Pods Manifest.lock */,
				C0FE7FF72023112500CA7E8D /* ShellScript */,
				C0FE7FDE20230B6E00CA7E8D /* Sources */,
				C0FE7FDF20230B6E00CA7E8D /* Frameworks */,
				C0FE7FE020230B6E00CA7E8D /* Resources */,
				A54053FB23FBA8EE8F32AEC4 /* [CP] Embed Pods Frameworks */,
				3EB41202822A8B281335F5B8 /* [CP] Copy Pods Resources */,
			);
			buildRules = (
			);
			dependencies = (
			);
			name = YCGitHub;
			productName = YCGitHub;
			productReference = C0FE7FE220230B6E00CA7E8D /* YCGitHub.app */;
			productType = "com.apple.product-type.application";
		};
/* End PBXNativeTarget section */

/* Begin PBXProject section */
		C0FE7FDA20230B6E00CA7E8D /* Project object */ = {
			isa = PBXProject;
			attributes = {
				LastSwiftUpdateCheck = 0920;
				LastUpgradeCheck = 0920;
				ORGANIZATIONNAME = YoukaStation;
				TargetAttributes = {
					C0FE7FE120230B6E00CA7E8D = {
						CreatedOnToolsVersion = 9.2;
						ProvisioningStyle = Automatic;
					};
				};
			};
			buildConfigurationList = C0FE7FDD20230B6E00CA7E8D /* Build configuration list for PBXProject "YCGitHub" */;
			compatibilityVersion = "Xcode 8.0";
			developmentRegion = en;
			hasScannedForEncodings = 0;
			knownRegions = (
				en,
				Base,
			);
			mainGroup = C0FE7FD920230B6E00CA7E8D;
			productRefGroup = C0FE7FE320230B6E00CA7E8D /* Products */;
			projectDirPath = "";
			projectRoot = "";
			targets = (
				C0FE7FE120230B6E00CA7E8D /* YCGitHub */,
			);
		};
/* End PBXProject section */

/* Begin PBXResourcesBuildPhase section */
		C0FE7FE020230B6E00CA7E8D /* Resources */ = {
			isa = PBXResourcesBuildPhase;
			buildActionMask = 2147483647;
			files = (
				C056D75B202C1AFE00478378 /* Login.storyboard in Resources */,
				C05B3365202D8D3800C17507 /* Settings.storyboard in Resources */,
				C0FF1D94202AE63700483D3C /* ProfileNumbersTableViewCell.xib in Resources */,
				C0F6CB362028269700F94CAB /* LanguageScreeningTableViewCell.xib in Resources */,
				C015B8CA20297FA700328BF0 /* RepositoriesTableViewCell.xib in Resources */,
				6A236FA120233FF600075130 /* LaunchScreen.storyboard in Resources */,
				C015B8D020298A9A00328BF0 /* DevelpoerTableViewCell.xib in Resources */,
				C003A5FD20240687004D70EF /* Languages.plist in Resources */,
				C053FE75202A988D003B70D8 /* LodingView.xib in Resources */,
				C0FE7FED20230B6E00CA7E8D /* Assets.xcassets in Resources */,
				C0FF1D90202AE55D00483D3C /* ProfileHederTableViewCell.xib in Resources */,
				6A6FE1E72029D12000D9FDA2 /* Profile.storyboard in Resources */,
				C015B8B32029442900328BF0 /* TrendingHeaderView.xib in Resources */,
				C0F6CB312028116F00F94CAB /* Languages.json in Resources */,
				C0ECF6962024654C002D7AAF /* Trending.storyboard in Resources */,
				C0F6CB262027FC6200F94CAB /* LanguageScreening.storyboard in Resources */,
				6A236FAC2023439700075130 /* News.storyboard in Resources */,
			);
			runOnlyForDeploymentPostprocessing = 0;
		};
/* End PBXResourcesBuildPhase section */

/* Begin PBXShellScriptBuildPhase section */
		2B588E968957E039FDEC19FC /* [CP] Check Pods Manifest.lock */ = {
			isa = PBXShellScriptBuildPhase;
			buildActionMask = 2147483647;
			files = (
			);
			inputPaths = (
				"${PODS_PODFILE_DIR_PATH}/Podfile.lock",
				"${PODS_ROOT}/Manifest.lock",
			);
			name = "[CP] Check Pods Manifest.lock";
			outputPaths = (
				"$(DERIVED_FILE_DIR)/Pods-YCGitHub-checkManifestLockResult.txt",
			);
			runOnlyForDeploymentPostprocessing = 0;
			shellPath = /bin/sh;
			shellScript = "diff \"${PODS_PODFILE_DIR_PATH}/Podfile.lock\" \"${PODS_ROOT}/Manifest.lock\" > /dev/null\nif [ $? != 0 ] ; then\n    # print error to STDERR\n    echo \"error: The sandbox is not in sync with the Podfile.lock. Run 'pod install' or update your CocoaPods installation.\" >&2\n    exit 1\nfi\n# This output is used by Xcode 'outputs' to avoid re-running this script phase.\necho \"SUCCESS\" > \"${SCRIPT_OUTPUT_FILE_0}\"\n";
			showEnvVarsInLog = 0;
		};
		3EB41202822A8B281335F5B8 /* [CP] Copy Pods Resources */ = {
			isa = PBXShellScriptBuildPhase;
			buildActionMask = 2147483647;
			files = (
			);
			inputPaths = (
			);
			name = "[CP] Copy Pods Resources";
			outputPaths = (
			);
			runOnlyForDeploymentPostprocessing = 0;
			shellPath = /bin/sh;
			shellScript = "\"${SRCROOT}/Pods/Target Support Files/Pods-YCGitHub/Pods-YCGitHub-resources.sh\"\n";
			showEnvVarsInLog = 0;
		};
		A54053FB23FBA8EE8F32AEC4 /* [CP] Embed Pods Frameworks */ = {
			isa = PBXShellScriptBuildPhase;
			buildActionMask = 2147483647;
			files = (
			);
			inputPaths = (
				"${SRCROOT}/Pods/Target Support Files/Pods-YCGitHub/Pods-YCGitHub-frameworks.sh",
				"${BUILT_PRODUCTS_DIR}/Alamofire/Alamofire.framework",
				"${BUILT_PRODUCTS_DIR}/ESTabBarController-swift/ESTabBarController_swift.framework",
				"${BUILT_PRODUCTS_DIR}/HandyJSON/HandyJSON.framework",
				"${BUILT_PRODUCTS_DIR}/KeychainAccess/KeychainAccess.framework",
				"${BUILT_PRODUCTS_DIR}/Kingfisher/Kingfisher.framework",
				"${BUILT_PRODUCTS_DIR}/MJRefresh/MJRefresh.framework",
				"${BUILT_PRODUCTS_DIR}/NJKWebViewProgress/NJKWebViewProgress.framework",
				"${BUILT_PRODUCTS_DIR}/R.swift.Library/Rswift.framework",
				"${BUILT_PRODUCTS_DIR}/SVProgressHUD/SVProgressHUD.framework",
				"${BUILT_PRODUCTS_DIR}/SnapKit/SnapKit.framework",
				"${BUILT_PRODUCTS_DIR}/SwiftMessages/SwiftMessages.framework",
				"${BUILT_PRODUCTS_DIR}/UIImage+BlurredFrame/UIImage_BlurredFrame.framework",
				"${BUILT_PRODUCTS_DIR}/XLPagerTabStrip/XLPagerTabStrip.framework",
			);
			name = "[CP] Embed Pods Frameworks";
			outputPaths = (
				"${TARGET_BUILD_DIR}/${FRAMEWORKS_FOLDER_PATH}/Alamofire.framework",
				"${TARGET_BUILD_DIR}/${FRAMEWORKS_FOLDER_PATH}/ESTabBarController_swift.framework",
				"${TARGET_BUILD_DIR}/${FRAMEWORKS_FOLDER_PATH}/HandyJSON.framework",
				"${TARGET_BUILD_DIR}/${FRAMEWORKS_FOLDER_PATH}/KeychainAccess.framework",
				"${TARGET_BUILD_DIR}/${FRAMEWORKS_FOLDER_PATH}/Kingfisher.framework",
				"${TARGET_BUILD_DIR}/${FRAMEWORKS_FOLDER_PATH}/MJRefresh.framework",
				"${TARGET_BUILD_DIR}/${FRAMEWORKS_FOLDER_PATH}/NJKWebViewProgress.framework",
				"${TARGET_BUILD_DIR}/${FRAMEWORKS_FOLDER_PATH}/Rswift.framework",
				"${TARGET_BUILD_DIR}/${FRAMEWORKS_FOLDER_PATH}/SVProgressHUD.framework",
				"${TARGET_BUILD_DIR}/${FRAMEWORKS_FOLDER_PATH}/SnapKit.framework",
				"${TARGET_BUILD_DIR}/${FRAMEWORKS_FOLDER_PATH}/SwiftMessages.framework",
				"${TARGET_BUILD_DIR}/${FRAMEWORKS_FOLDER_PATH}/UIImage_BlurredFrame.framework",
				"${TARGET_BUILD_DIR}/${FRAMEWORKS_FOLDER_PATH}/XLPagerTabStrip.framework",
			);
			runOnlyForDeploymentPostprocessing = 0;
			shellPath = /bin/sh;
			shellScript = "\"${SRCROOT}/Pods/Target Support Files/Pods-YCGitHub/Pods-YCGitHub-frameworks.sh\"\n";
			showEnvVarsInLog = 0;
		};
		C0FE7FF72023112500CA7E8D /* ShellScript */ = {
			isa = PBXShellScriptBuildPhase;
			buildActionMask = 2147483647;
			files = (
			);
			inputPaths = (
			);
			outputPaths = (
			);
			runOnlyForDeploymentPostprocessing = 0;
			shellPath = /bin/sh;
			shellScript = "\"$PODS_ROOT/R.swift/rswift\" generate \"$SRCROOT/YCGitHub\"";
		};
/* End PBXShellScriptBuildPhase section */

/* Begin PBXSourcesBuildPhase section */
		C0FE7FDE20230B6E00CA7E8D /* Sources */ = {
			isa = PBXSourcesBuildPhase;
			buildActionMask = 2147483647;
			files = (
				C015B8DC2029A4C100328BF0 /* LoginOAuthController.swift in Sources */,
				C0F6CB352028269700F94CAB /* LanguageScreeningTableViewCell.swift in Sources */,
				6A236FAA2023437300075130 /* NewsViewController.swift in Sources */,
				C053FE71202A93A2003B70D8 /* Hud.swift in Sources */,
				C003A60920241CAE004D70EF /* UIColor-Extension.swift in Sources */,
				C0ECF69120245DCD002D7AAF /* NetworkAgent.swift in Sources */,
				C0ECF68D202454CD002D7AAF /* RequestTool.swift in Sources */,
				C0FF1D83202AD4D700483D3C /* KeychainTool.swift in Sources */,
				C056D752202C092B00478378 /* FindeActivityViewController.swift in Sources */,
				C0ECF659202434CC002D7AAF /* DeBug.swift in Sources */,
				C0FF1D87202AD61F00483D3C /* ProfileRequest.swift in Sources */,
				6A0F0B512024A1290006C11B /* MainTabBarViewController.swift in Sources */,
				C05B3352202D3D0600C17507 /* UIViewController-Extension.swift in Sources */,
				C056D759202C1AF300478378 /* LoginViewController.swift in Sources */,
				6A0F0B4F20249A4D0006C11B /* MainViewController.swift in Sources */,
				C015B8C920297FA700328BF0 /* RepositoriesTableViewCell.swift in Sources */,
				C015B8CC202988AD00328BF0 /* TrendingDevelpoerModel.swift in Sources */,
				C0ECF699202465B1002D7AAF /* TrendingViewController.swift in Sources */,
				C0ECF65B20244196002D7AAF /* NotificationCenter-Extension.swift in Sources */,
				C015B8B520294C8400328BF0 /* LanguageScreeningDataTool.swift in Sources */,
				C0FADC4B202C543500FEF84D /* YCHUD.swift in Sources */,
				C0ECF69C2024667A002D7AAF /* TrendingRepositoriesModel.swift in Sources */,
				C015B8D220298FDE00328BF0 /* UIImageView-Extension.swift in Sources */,
				C0F6CB2D2028049C00F94CAB /* LanguageModel.swift in Sources */,
				6A2B2C3D2025FE0D0015CFD5 /* YCRefreshNormalHeader.swift in Sources */,
				C0ECF69E20246798002D7AAF /* BaseForm.swift in Sources */,
				C0ECF65D202442E7002D7AAF /* UserDefault-Extension.swift in Sources */,
				6A0F0B4D202498880006C11B /* DevelpoerTrendingViewController.swift in Sources */,
				C00FCD692027F73200F7CA83 /* UIImage-Extension.swift in Sources */,
				C0FF1D96202AE78F00483D3C /* ProfileTableViewControllerDataSource.swift in Sources */,
				6A0F0B552024AAB10006C11B /* ExampleBouncesContentView.swift in Sources */,
				C0ECF656202430E2002D7AAF /* String-Extension.swift in Sources */,
				C0F6CB292027FDC900F94CAB /* LanguageScreeningViewController.swift in Sources */,
				6A0F0B542024AAB10006C11B /* ExampleBasicContentView.swift in Sources */,
				C0ECF66120244688002D7AAF /* DecodableJSON.swift in Sources */,
				C053FE73202A987B003B70D8 /* LodingView.swift in Sources */,
				C015B8B12029441600328BF0 /* TrendingHeaderView.swift in Sources */,
				C0FF1D8F202AE55D00483D3C /* ProfileHederTableViewCell.swift in Sources */,
				6A6FE1EA2029D18600D9FDA2 /* ProfileViewController.swift in Sources */,
				C015B8D820299AF900328BF0 /* LoginRequest.swift in Sources */,
				C0FF1D93202AE63700483D3C /* ProfileNumbersTableViewCell.swift in Sources */,
				C0ECF69220245DCD002D7AAF /* Form.swift in Sources */,
				C032012B202BEA0D009FA5C8 /* ProfileViewModel.swift in Sources */,
				C0FE7FE820230B6E00CA7E8D /* ViewController.swift in Sources */,
				C0FE7FE620230B6E00CA7E8D /* AppDelegate.swift in Sources */,
				C015B8CF20298A9A00328BF0 /* DevelpoerTableViewCell.swift in Sources */,
				C0FE7FF9202311D100CA7E8D /* R.generated.swift in Sources */,
				C00FCD662027F0E700F7CA83 /* Configuration.swift in Sources */,
				6A0F0B4B202497320006C11B /* RepositoriesTrendingViewController.swift in Sources */,
				C0FF1D98202AEBB400483D3C /* NormalTableViewCellModel.swift in Sources */,
			);
			runOnlyForDeploymentPostprocessing = 0;
		};
/* End PBXSourcesBuildPhase section */

/* Begin XCBuildConfiguration section */
		C0FE7FF220230B6E00CA7E8D /* Debug */ = {
			isa = XCBuildConfiguration;
			buildSettings = {
				ALWAYS_SEARCH_USER_PATHS = NO;
				CLANG_ANALYZER_NONNULL = YES;
				CLANG_ANALYZER_NUMBER_OBJECT_CONVERSION = YES_AGGRESSIVE;
				CLANG_CXX_LANGUAGE_STANDARD = "gnu++14";
				CLANG_CXX_LIBRARY = "libc++";
				CLANG_ENABLE_MODULES = YES;
				CLANG_ENABLE_OBJC_ARC = YES;
				CLANG_WARN_BLOCK_CAPTURE_AUTORELEASING = YES;
				CLANG_WARN_BOOL_CONVERSION = YES;
				CLANG_WARN_COMMA = YES;
				CLANG_WARN_CONSTANT_CONVERSION = YES;
				CLANG_WARN_DIRECT_OBJC_ISA_USAGE = YES_ERROR;
				CLANG_WARN_DOCUMENTATION_COMMENTS = YES;
				CLANG_WARN_EMPTY_BODY = YES;
				CLANG_WARN_ENUM_CONVERSION = YES;
				CLANG_WARN_INFINITE_RECURSION = YES;
				CLANG_WARN_INT_CONVERSION = YES;
				CLANG_WARN_NON_LITERAL_NULL_CONVERSION = YES;
				CLANG_WARN_OBJC_LITERAL_CONVERSION = YES;
				CLANG_WARN_OBJC_ROOT_CLASS = YES_ERROR;
				CLANG_WARN_RANGE_LOOP_ANALYSIS = YES;
				CLANG_WARN_STRICT_PROTOTYPES = YES;
				CLANG_WARN_SUSPICIOUS_MOVE = YES;
				CLANG_WARN_UNGUARDED_AVAILABILITY = YES_AGGRESSIVE;
				CLANG_WARN_UNREACHABLE_CODE = YES;
				CLANG_WARN__DUPLICATE_METHOD_MATCH = YES;
				CODE_SIGN_IDENTITY = "iPhone Developer";
				COPY_PHASE_STRIP = NO;
				DEBUG_INFORMATION_FORMAT = dwarf;
				ENABLE_STRICT_OBJC_MSGSEND = YES;
				ENABLE_TESTABILITY = YES;
				GCC_C_LANGUAGE_STANDARD = gnu11;
				GCC_DYNAMIC_NO_PIC = NO;
				GCC_NO_COMMON_BLOCKS = YES;
				GCC_OPTIMIZATION_LEVEL = 0;
				GCC_PREPROCESSOR_DEFINITIONS = (
					"DEBUG=1",
					"$(inherited)",
				);
				GCC_WARN_64_TO_32_BIT_CONVERSION = YES;
				GCC_WARN_ABOUT_RETURN_TYPE = YES_ERROR;
				GCC_WARN_UNDECLARED_SELECTOR = YES;
				GCC_WARN_UNINITIALIZED_AUTOS = YES_AGGRESSIVE;
				GCC_WARN_UNUSED_FUNCTION = YES;
				GCC_WARN_UNUSED_VARIABLE = YES;
				IPHONEOS_DEPLOYMENT_TARGET = 11.2;
				MTL_ENABLE_DEBUG_INFO = YES;
				ONLY_ACTIVE_ARCH = YES;
				SDKROOT = iphoneos;
				SWIFT_ACTIVE_COMPILATION_CONDITIONS = DEBUG;
				SWIFT_OPTIMIZATION_LEVEL = "-Onone";
			};
			name = Debug;
		};
		C0FE7FF320230B6E00CA7E8D /* Release */ = {
			isa = XCBuildConfiguration;
			buildSettings = {
				ALWAYS_SEARCH_USER_PATHS = NO;
				CLANG_ANALYZER_NONNULL = YES;
				CLANG_ANALYZER_NUMBER_OBJECT_CONVERSION = YES_AGGRESSIVE;
				CLANG_CXX_LANGUAGE_STANDARD = "gnu++14";
				CLANG_CXX_LIBRARY = "libc++";
				CLANG_ENABLE_MODULES = YES;
				CLANG_ENABLE_OBJC_ARC = YES;
				CLANG_WARN_BLOCK_CAPTURE_AUTORELEASING = YES;
				CLANG_WARN_BOOL_CONVERSION = YES;
				CLANG_WARN_COMMA = YES;
				CLANG_WARN_CONSTANT_CONVERSION = YES;
				CLANG_WARN_DIRECT_OBJC_ISA_USAGE = YES_ERROR;
				CLANG_WARN_DOCUMENTATION_COMMENTS = YES;
				CLANG_WARN_EMPTY_BODY = YES;
				CLANG_WARN_ENUM_CONVERSION = YES;
				CLANG_WARN_INFINITE_RECURSION = YES;
				CLANG_WARN_INT_CONVERSION = YES;
				CLANG_WARN_NON_LITERAL_NULL_CONVERSION = YES;
				CLANG_WARN_OBJC_LITERAL_CONVERSION = YES;
				CLANG_WARN_OBJC_ROOT_CLASS = YES_ERROR;
				CLANG_WARN_RANGE_LOOP_ANALYSIS = YES;
				CLANG_WARN_STRICT_PROTOTYPES = YES;
				CLANG_WARN_SUSPICIOUS_MOVE = YES;
				CLANG_WARN_UNGUARDED_AVAILABILITY = YES_AGGRESSIVE;
				CLANG_WARN_UNREACHABLE_CODE = YES;
				CLANG_WARN__DUPLICATE_METHOD_MATCH = YES;
				CODE_SIGN_IDENTITY = "iPhone Developer";
				COPY_PHASE_STRIP = NO;
				DEBUG_INFORMATION_FORMAT = "dwarf-with-dsym";
				ENABLE_NS_ASSERTIONS = NO;
				ENABLE_STRICT_OBJC_MSGSEND = YES;
				GCC_C_LANGUAGE_STANDARD = gnu11;
				GCC_NO_COMMON_BLOCKS = YES;
				GCC_WARN_64_TO_32_BIT_CONVERSION = YES;
				GCC_WARN_ABOUT_RETURN_TYPE = YES_ERROR;
				GCC_WARN_UNDECLARED_SELECTOR = YES;
				GCC_WARN_UNINITIALIZED_AUTOS = YES_AGGRESSIVE;
				GCC_WARN_UNUSED_FUNCTION = YES;
				GCC_WARN_UNUSED_VARIABLE = YES;
				IPHONEOS_DEPLOYMENT_TARGET = 11.2;
				MTL_ENABLE_DEBUG_INFO = NO;
				SDKROOT = iphoneos;
				SWIFT_OPTIMIZATION_LEVEL = "-Owholemodule";
				VALIDATE_PRODUCT = YES;
			};
			name = Release;
		};
		C0FE7FF520230B6E00CA7E8D /* Debug */ = {
			isa = XCBuildConfiguration;
			baseConfigurationReference = A6A4755A68D9BC3E02E5C417 /* Pods-YCGitHub.debug.xcconfig */;
			buildSettings = {
				ASSETCATALOG_COMPILER_APPICON_NAME = AppIcon;
				CODE_SIGN_STYLE = Automatic;
				INFOPLIST_FILE = YCGitHub/Info.plist;
				IPHONEOS_DEPLOYMENT_TARGET = 9.0;
				LD_RUNPATH_SEARCH_PATHS = "$(inherited) @executable_path/Frameworks";
				OTHER_SWIFT_FLAGS = "$(inherited) \"-D\" \"COCOAPODS\" -D DEBUG";
				PRODUCT_BUNDLE_IDENTIFIER = com.youkastation.YCGitHub;
				PRODUCT_NAME = "$(TARGET_NAME)";
				SWIFT_VERSION = 4.0;
				TARGETED_DEVICE_FAMILY = 1;
			};
			name = Debug;
		};
		C0FE7FF620230B6E00CA7E8D /* Release */ = {
			isa = XCBuildConfiguration;
			baseConfigurationReference = 277567E66643A4ED39F170B5 /* Pods-YCGitHub.release.xcconfig */;
			buildSettings = {
				ASSETCATALOG_COMPILER_APPICON_NAME = AppIcon;
				CODE_SIGN_STYLE = Automatic;
				INFOPLIST_FILE = YCGitHub/Info.plist;
				IPHONEOS_DEPLOYMENT_TARGET = 9.0;
				LD_RUNPATH_SEARCH_PATHS = "$(inherited) @executable_path/Frameworks";
				PRODUCT_BUNDLE_IDENTIFIER = com.youkastation.YCGitHub;
				PRODUCT_NAME = "$(TARGET_NAME)";
				SWIFT_VERSION = 4.0;
				TARGETED_DEVICE_FAMILY = 1;
			};
			name = Release;
		};
/* End XCBuildConfiguration section */

/* Begin XCConfigurationList section */
		C0FE7FDD20230B6E00CA7E8D /* Build configuration list for PBXProject "YCGitHub" */ = {
			isa = XCConfigurationList;
			buildConfigurations = (
				C0FE7FF220230B6E00CA7E8D /* Debug */,
				C0FE7FF320230B6E00CA7E8D /* Release */,
			);
			defaultConfigurationIsVisible = 0;
			defaultConfigurationName = Release;
		};
		C0FE7FF420230B6E00CA7E8D /* Build configuration list for PBXNativeTarget "YCGitHub" */ = {
			isa = XCConfigurationList;
			buildConfigurations = (
				C0FE7FF520230B6E00CA7E8D /* Debug */,
				C0FE7FF620230B6E00CA7E8D /* Release */,
			);
			defaultConfigurationIsVisible = 0;
			defaultConfigurationName = Release;
		};
/* End XCConfigurationList section */
	};
	rootObject = C0FE7FDA20230B6E00CA7E8D /* Project object */;
}
