// !$*UTF8*$!
{
	archiveVersion = 1;
	classes = {
	};
	objectVersion = 48;
	objects = {

/* Begin PBXBuildFile section */
		6A236FA120233FF600075130 /* LaunchScreen.storyboard in Resources */ = {isa = PBXBuildFile; fileRef = 6A236FA020233FF600075130 /* LaunchScreen.storyboard */; };
		6A236FAA2023437300075130 /* RepositoriesViewController.swift in Sources */ = {isa = PBXBuildFile; fileRef = 6A236FA92023437300075130 /* RepositoriesViewController.swift */; };
		6A236FAC2023439700075130 /* Repositories.storyboard in Resources */ = {isa = PBXBuildFile; fileRef = 6A236FAB2023439700075130 /* Repositories.storyboard */; };
		C0FE7FE620230B6E00CA7E8D /* AppDelegate.swift in Sources */ = {isa = PBXBuildFile; fileRef = C0FE7FE520230B6E00CA7E8D /* AppDelegate.swift */; };
		C0FE7FE820230B6E00CA7E8D /* ViewController.swift in Sources */ = {isa = PBXBuildFile; fileRef = C0FE7FE720230B6E00CA7E8D /* ViewController.swift */; };
		C0FE7FEB20230B6E00CA7E8D /* Main.storyboard in Resources */ = {isa = PBXBuildFile; fileRef = C0FE7FE920230B6E00CA7E8D /* Main.storyboard */; };
		C0FE7FED20230B6E00CA7E8D /* Assets.xcassets in Resources */ = {isa = PBXBuildFile; fileRef = C0FE7FEC20230B6E00CA7E8D /* Assets.xcassets */; };
		C0FE7FF9202311D100CA7E8D /* R.generated.swift in Sources */ = {isa = PBXBuildFile; fileRef = C0FE7FF8202311D000CA7E8D /* R.generated.swift */; };
		EBB370603A520D4622B32F62 /* Pods_YCGitHub.framework in Frameworks */ = {isa = PBXBuildFile; fileRef = CB94DA2357B80357D0E61AF0 /* Pods_YCGitHub.framework */; };
/* End PBXBuildFile section */

/* Begin PBXFileReference section */
		277567E66643A4ED39F170B5 /* Pods-YCGitHub.release.xcconfig */ = {isa = PBXFileReference; includeInIndex = 1; lastKnownFileType = text.xcconfig; name = "Pods-YCGitHub.release.xcconfig"; path = "Pods/Target Support Files/Pods-YCGitHub/Pods-YCGitHub.release.xcconfig"; sourceTree = "<group>"; };
		6A236FA020233FF600075130 /* LaunchScreen.storyboard */ = {isa = PBXFileReference; lastKnownFileType = file.storyboard; path = LaunchScreen.storyboard; sourceTree = "<group>"; };
		6A236FA92023437300075130 /* RepositoriesViewController.swift */ = {isa = PBXFileReference; lastKnownFileType = sourcecode.swift; path = RepositoriesViewController.swift; sourceTree = "<group>"; };
		6A236FAB2023439700075130 /* Repositories.storyboard */ = {isa = PBXFileReference; lastKnownFileType = file.storyboard; path = Repositories.storyboard; sourceTree = "<group>"; };
		A6A4755A68D9BC3E02E5C417 /* Pods-YCGitHub.debug.xcconfig */ = {isa = PBXFileReference; includeInIndex = 1; lastKnownFileType = text.xcconfig; name = "Pods-YCGitHub.debug.xcconfig"; path = "Pods/Target Support Files/Pods-YCGitHub/Pods-YCGitHub.debug.xcconfig"; sourceTree = "<group>"; };
		C0FE7FE220230B6E00CA7E8D /* YCGitHub.app */ = {isa = PBXFileReference; explicitFileType = wrapper.application; includeInIndex = 0; path = YCGitHub.app; sourceTree = BUILT_PRODUCTS_DIR; };
		C0FE7FE520230B6E00CA7E8D /* AppDelegate.swift */ = {isa = PBXFileReference; lastKnownFileType = sourcecode.swift; path = AppDelegate.swift; sourceTree = "<group>"; };
		C0FE7FE720230B6E00CA7E8D /* ViewController.swift */ = {isa = PBXFileReference; lastKnownFileType = sourcecode.swift; path = ViewController.swift; sourceTree = "<group>"; };
		C0FE7FEA20230B6E00CA7E8D /* Base */ = {isa = PBXFileReference; lastKnownFileType = file.storyboard; name = Base; path = Base.lproj/Main.storyboard; sourceTree = "<group>"; };
		C0FE7FEC20230B6E00CA7E8D /* Assets.xcassets */ = {isa = PBXFileReference; lastKnownFileType = folder.assetcatalog; path = Assets.xcassets; sourceTree = "<group>"; };
		C0FE7FF120230B6E00CA7E8D /* Info.plist */ = {isa = PBXFileReference; lastKnownFileType = text.plist.xml; path = Info.plist; sourceTree = "<group>"; };
		C0FE7FF8202311D000CA7E8D /* R.generated.swift */ = {isa = PBXFileReference; fileEncoding = 4; lastKnownFileType = sourcecode.swift; name = R.generated.swift; path = YCGitHub/R.generated.swift; sourceTree = SOURCE_ROOT; };
		CB94DA2357B80357D0E61AF0 /* Pods_YCGitHub.framework */ = {isa = PBXFileReference; explicitFileType = wrapper.framework; includeInIndex = 0; path = Pods_YCGitHub.framework; sourceTree = BUILT_PRODUCTS_DIR; };
/* End PBXFileReference section */

/* Begin PBXFrameworksBuildPhase section */
		C0FE7FDF20230B6E00CA7E8D /* Frameworks */ = {
			isa = PBXFrameworksBuildPhase;
			buildActionMask = 2147483647;
			files = (
				EBB370603A520D4622B32F62 /* Pods_YCGitHub.framework in Frameworks */,
			);
			runOnlyForDeploymentPostprocessing = 0;
		};
/* End PBXFrameworksBuildPhase section */

/* Begin PBXGroup section */
		3DA1E46C0F31CB23F228E177 /* Pods */ = {
			isa = PBXGroup;
			children = (
				A6A4755A68D9BC3E02E5C417 /* Pods-YCGitHub.debug.xcconfig */,
				277567E66643A4ED39F170B5 /* Pods-YCGitHub.release.xcconfig */,
			);
			name = Pods;
			sourceTree = "<group>";
		};
		43747A79C502AAF2B7773092 /* Frameworks */ = {
			isa = PBXGroup;
			children = (
				CB94DA2357B80357D0E61AF0 /* Pods_YCGitHub.framework */,
			);
			name = Frameworks;
			sourceTree = "<group>";
		};
		6A236FA22023403F00075130 /* Classes */ = {
			isa = PBXGroup;
			children = (
				6A236FA52023417D00075130 /* Repositories */,
				6A236FA32023405300075130 /* Main */,
			);
			path = Classes;
			sourceTree = "<group>";
		};
		6A236FA32023405300075130 /* Main */ = {
			isa = PBXGroup;
			children = (
				C0FE7FE920230B6E00CA7E8D /* Main.storyboard */,
				C0FE7FE520230B6E00CA7E8D /* AppDelegate.swift */,
			);
			path = Main;
			sourceTree = "<group>";
		};
		6A236FA42023408700075130 /* SupportFile */ = {
			isa = PBXGroup;
			children = (
				C0FE7FF8202311D000CA7E8D /* R.generated.swift */,
				6A236FA020233FF600075130 /* LaunchScreen.storyboard */,
				C0FE7FEC20230B6E00CA7E8D /* Assets.xcassets */,
				C0FE7FF120230B6E00CA7E8D /* Info.plist */,
			);
			name = SupportFile;
			sourceTree = "<group>";
		};
		6A236FA52023417D00075130 /* Repositories */ = {
			isa = PBXGroup;
			children = (
				6A236FA8202341C900075130 /* Model */,
				6A236FA7202341C200075130 /* View */,
				6A236FA6202341B400075130 /* Controller */,
				6A236FAB2023439700075130 /* Repositories.storyboard */,
			);
			path = Repositories;
			sourceTree = "<group>";
		};
		6A236FA6202341B400075130 /* Controller */ = {
			isa = PBXGroup;
			children = (
				6A236FA92023437300075130 /* RepositoriesViewController.swift */,
			);
			path = Controller;
			sourceTree = "<group>";
		};
		6A236FA7202341C200075130 /* View */ = {
			isa = PBXGroup;
			children = (
			);
			path = View;
			sourceTree = "<group>";
		};
		6A236FA8202341C900075130 /* Model */ = {
			isa = PBXGroup;
			children = (
			);
			path = Model;
			sourceTree = "<group>";
		};
		C0FE7FD920230B6E00CA7E8D = {
			isa = PBXGroup;
			children = (
				C0FE7FE420230B6E00CA7E8D /* YCGitHub */,
				C0FE7FE320230B6E00CA7E8D /* Products */,
				3DA1E46C0F31CB23F228E177 /* Pods */,
				43747A79C502AAF2B7773092 /* Frameworks */,
			);
			sourceTree = "<group>";
		};
		C0FE7FE320230B6E00CA7E8D /* Products */ = {
			isa = PBXGroup;
			children = (
				C0FE7FE220230B6E00CA7E8D /* YCGitHub.app */,
			);
			name = Products;
			sourceTree = "<group>";
		};
		C0FE7FE420230B6E00CA7E8D /* YCGitHub */ = {
			isa = PBXGroup;
			children = (
				6A236FA22023403F00075130 /* Classes */,
				6A236FA42023408700075130 /* SupportFile */,
				C0FE7FE720230B6E00CA7E8D /* ViewController.swift */,
			);
			path = YCGitHub;
			sourceTree = "<group>";
		};
/* End PBXGroup section */

/* Begin PBXNativeTarget section */
		C0FE7FE120230B6E00CA7E8D /* YCGitHub */ = {
			isa = PBXNativeTarget;
			buildConfigurationList = C0FE7FF420230B6E00CA7E8D /* Build configuration list for PBXNativeTarget "YCGitHub" */;
			buildPhases = (
				2B588E968957E039FDEC19FC /* [CP] Check Pods Manifest.lock */,
				C0FE7FF72023112500CA7E8D /* ShellScript */,
				C0FE7FDE20230B6E00CA7E8D /* Sources */,
				C0FE7FDF20230B6E00CA7E8D /* Frameworks */,
				C0FE7FE020230B6E00CA7E8D /* Resources */,
				A54053FB23FBA8EE8F32AEC4 /* [CP] Embed Pods Frameworks */,
				3EB41202822A8B281335F5B8 /* [CP] Copy Pods Resources */,
			);
			buildRules = (
			);
			dependencies = (
			);
			name = YCGitHub;
			productName = YCGitHub;
			productReference = C0FE7FE220230B6E00CA7E8D /* YCGitHub.app */;
			productType = "com.apple.product-type.application";
		};
/* End PBXNativeTarget section */

/* Begin PBXProject section */
		C0FE7FDA20230B6E00CA7E8D /* Project object */ = {
			isa = PBXProject;
			attributes = {
				LastSwiftUpdateCheck = 0920;
				LastUpgradeCheck = 0920;
				ORGANIZATIONNAME = YoukaStation;
				TargetAttributes = {
					C0FE7FE120230B6E00CA7E8D = {
						CreatedOnToolsVersion = 9.2;
						ProvisioningStyle = Automatic;
					};
				};
			};
			buildConfigurationList = C0FE7FDD20230B6E00CA7E8D /* Build configuration list for PBXProject "YCGitHub" */;
			compatibilityVersion = "Xcode 8.0";
			developmentRegion = en;
			hasScannedForEncodings = 0;
			knownRegions = (
				en,
				Base,
			);
			mainGroup = C0FE7FD920230B6E00CA7E8D;
			productRefGroup = C0FE7FE320230B6E00CA7E8D /* Products */;
			projectDirPath = "";
			projectRoot = "";
			targets = (
				C0FE7FE120230B6E00CA7E8D /* YCGitHub */,
			);
		};
/* End PBXProject section */

/* Begin PBXResourcesBuildPhase section */
		C0FE7FE020230B6E00CA7E8D /* Resources */ = {
			isa = PBXResourcesBuildPhase;
			buildActionMask = 2147483647;
			files = (
				6A236FA120233FF600075130 /* LaunchScreen.storyboard in Resources */,
				C0FE7FED20230B6E00CA7E8D /* Assets.xcassets in Resources */,
				6A236FAC2023439700075130 /* Repositories.storyboard in Resources */,
				C0FE7FEB20230B6E00CA7E8D /* Main.storyboard in Resources */,
			);
			runOnlyForDeploymentPostprocessing = 0;
		};
/* End PBXResourcesBuildPhase section */

/* Begin PBXShellScriptBuildPhase section */
		2B588E968957E039FDEC19FC /* [CP] Check Pods Manifest.lock */ = {
			isa = PBXShellScriptBuildPhase;
			buildActionMask = 2147483647;
			files = (
			);
			inputPaths = (
				"${PODS_PODFILE_DIR_PATH}/Podfile.lock",
				"${PODS_ROOT}/Manifest.lock",
			);
			name = "[CP] Check Pods Manifest.lock";
			outputPaths = (
				"$(DERIVED_FILE_DIR)/Pods-YCGitHub-checkManifestLockResult.txt",
			);
			runOnlyForDeploymentPostprocessing = 0;
			shellPath = /bin/sh;
			shellScript = "diff \"${PODS_PODFILE_DIR_PATH}/Podfile.lock\" \"${PODS_ROOT}/Manifest.lock\" > /dev/null\nif [ $? != 0 ] ; then\n    # print error to STDERR\n    echo \"error: The sandbox is not in sync with the Podfile.lock. Run 'pod install' or update your CocoaPods installation.\" >&2\n    exit 1\nfi\n# This output is used by Xcode 'outputs' to avoid re-running this script phase.\necho \"SUCCESS\" > \"${SCRIPT_OUTPUT_FILE_0}\"\n";
			showEnvVarsInLog = 0;
		};
		3EB41202822A8B281335F5B8 /* [CP] Copy Pods Resources */ = {
			isa = PBXShellScriptBuildPhase;
			buildActionMask = 2147483647;
			files = (
			);
			inputPaths = (
			);
			name = "[CP] Copy Pods Resources";
			outputPaths = (
			);
			runOnlyForDeploymentPostprocessing = 0;
			shellPath = /bin/sh;
			shellScript = "\"${SRCROOT}/Pods/Target Support Files/Pods-YCGitHub/Pods-YCGitHub-resources.sh\"\n";
			showEnvVarsInLog = 0;
		};
		A54053FB23FBA8EE8F32AEC4 /* [CP] Embed Pods Frameworks */ = {
			isa = PBXShellScriptBuildPhase;
			buildActionMask = 2147483647;
			files = (
			);
			inputPaths = (
				"${SRCROOT}/Pods/Target Support Files/Pods-YCGitHub/Pods-YCGitHub-frameworks.sh",
				"${BUILT_PRODUCTS_DIR}/Alamofire/Alamofire.framework",
				"${BUILT_PRODUCTS_DIR}/Kingfisher/Kingfisher.framework",
				"${BUILT_PRODUCTS_DIR}/R.swift.Library/Rswift.framework",
			);
			name = "[CP] Embed Pods Frameworks";
			outputPaths = (
				"${TARGET_BUILD_DIR}/${FRAMEWORKS_FOLDER_PATH}/Alamofire.framework",
				"${TARGET_BUILD_DIR}/${FRAMEWORKS_FOLDER_PATH}/Kingfisher.framework",
				"${TARGET_BUILD_DIR}/${FRAMEWORKS_FOLDER_PATH}/Rswift.framework",
			);
			runOnlyForDeploymentPostprocessing = 0;
			shellPath = /bin/sh;
			shellScript = "\"${SRCROOT}/Pods/Target Support Files/Pods-YCGitHub/Pods-YCGitHub-frameworks.sh\"\n";
			showEnvVarsInLog = 0;
		};
		C0FE7FF72023112500CA7E8D /* ShellScript */ = {
			isa = PBXShellScriptBuildPhase;
			buildActionMask = 2147483647;
			files = (
			);
			inputPaths = (
			);
			outputPaths = (
			);
			runOnlyForDeploymentPostprocessing = 0;
			shellPath = /bin/sh;
			shellScript = "\"$PODS_ROOT/R.swift/rswift\" generate \"$SRCROOT/YCGitHub\"";
		};
/* End PBXShellScriptBuildPhase section */

/* Begin PBXSourcesBuildPhase section */
		C0FE7FDE20230B6E00CA7E8D /* Sources */ = {
			isa = PBXSourcesBuildPhase;
			buildActionMask = 2147483647;
			files = (
				6A236FAA2023437300075130 /* RepositoriesViewController.swift in Sources */,
				C0FE7FE820230B6E00CA7E8D /* ViewController.swift in Sources */,
				C0FE7FE620230B6E00CA7E8D /* AppDelegate.swift in Sources */,
				C0FE7FF9202311D100CA7E8D /* R.generated.swift in Sources */,
			);
			runOnlyForDeploymentPostprocessing = 0;
		};
/* End PBXSourcesBuildPhase section */

/* Begin PBXVariantGroup section */
		C0FE7FE920230B6E00CA7E8D /* Main.storyboard */ = {
			isa = PBXVariantGroup;
			children = (
				C0FE7FEA20230B6E00CA7E8D /* Base */,
			);
			name = Main.storyboard;
			sourceTree = "<group>";
		};
/* End PBXVariantGroup section */

/* Begin XCBuildConfiguration section */
		C0FE7FF220230B6E00CA7E8D /* Debug */ = {
			isa = XCBuildConfiguration;
			buildSettings = {
				ALWAYS_SEARCH_USER_PATHS = NO;
				CLANG_ANALYZER_NONNULL = YES;
				CLANG_ANALYZER_NUMBER_OBJECT_CONVERSION = YES_AGGRESSIVE;
				CLANG_CXX_LANGUAGE_STANDARD = "gnu++14";
				CLANG_CXX_LIBRARY = "libc++";
				CLANG_ENABLE_MODULES = YES;
				CLANG_ENABLE_OBJC_ARC = YES;
				CLANG_WARN_BLOCK_CAPTURE_AUTORELEASING = YES;
				CLANG_WARN_BOOL_CONVERSION = YES;
				CLANG_WARN_COMMA = YES;
				CLANG_WARN_CONSTANT_CONVERSION = YES;
				CLANG_WARN_DIRECT_OBJC_ISA_USAGE = YES_ERROR;
				CLANG_WARN_DOCUMENTATION_COMMENTS = YES;
				CLANG_WARN_EMPTY_BODY = YES;
				CLANG_WARN_ENUM_CONVERSION = YES;
				CLANG_WARN_INFINITE_RECURSION = YES;
				CLANG_WARN_INT_CONVERSION = YES;
				CLANG_WARN_NON_LITERAL_NULL_CONVERSION = YES;
				CLANG_WARN_OBJC_LITERAL_CONVERSION = YES;
				CLANG_WARN_OBJC_ROOT_CLASS = YES_ERROR;
				CLANG_WARN_RANGE_LOOP_ANALYSIS = YES;
				CLANG_WARN_STRICT_PROTOTYPES = YES;
				CLANG_WARN_SUSPICIOUS_MOVE = YES;
				CLANG_WARN_UNGUARDED_AVAILABILITY = YES_AGGRESSIVE;
				CLANG_WARN_UNREACHABLE_CODE = YES;
				CLANG_WARN__DUPLICATE_METHOD_MATCH = YES;
				CODE_SIGN_IDENTITY = "iPhone Developer";
				COPY_PHASE_STRIP = NO;
				DEBUG_INFORMATION_FORMAT = dwarf;
				ENABLE_STRICT_OBJC_MSGSEND = YES;
				ENABLE_TESTABILITY = YES;
				GCC_C_LANGUAGE_STANDARD = gnu11;
				GCC_DYNAMIC_NO_PIC = NO;
				GCC_NO_COMMON_BLOCKS = YES;
				GCC_OPTIMIZATION_LEVEL = 0;
				GCC_PREPROCESSOR_DEFINITIONS = (
					"DEBUG=1",
					"$(inherited)",
				);
				GCC_WARN_64_TO_32_BIT_CONVERSION = YES;
				GCC_WARN_ABOUT_RETURN_TYPE = YES_ERROR;
				GCC_WARN_UNDECLARED_SELECTOR = YES;
				GCC_WARN_UNINITIALIZED_AUTOS = YES_AGGRESSIVE;
				GCC_WARN_UNUSED_FUNCTION = YES;
				GCC_WARN_UNUSED_VARIABLE = YES;
				IPHONEOS_DEPLOYMENT_TARGET = 11.2;
				MTL_ENABLE_DEBUG_INFO = YES;
				ONLY_ACTIVE_ARCH = YES;
				SDKROOT = iphoneos;
				SWIFT_ACTIVE_COMPILATION_CONDITIONS = DEBUG;
				SWIFT_OPTIMIZATION_LEVEL = "-Onone";
			};
			name = Debug;
		};
		C0FE7FF320230B6E00CA7E8D /* Release */ = {
			isa = XCBuildConfiguration;
			buildSettings = {
				ALWAYS_SEARCH_USER_PATHS = NO;
				CLANG_ANALYZER_NONNULL = YES;
				CLANG_ANALYZER_NUMBER_OBJECT_CONVERSION = YES_AGGRESSIVE;
				CLANG_CXX_LANGUAGE_STANDARD = "gnu++14";
				CLANG_CXX_LIBRARY = "libc++";
				CLANG_ENABLE_MODULES = YES;
				CLANG_ENABLE_OBJC_ARC = YES;
				CLANG_WARN_BLOCK_CAPTURE_AUTORELEASING = YES;
				CLANG_WARN_BOOL_CONVERSION = YES;
				CLANG_WARN_COMMA = YES;
				CLANG_WARN_CONSTANT_CONVERSION = YES;
				CLANG_WARN_DIRECT_OBJC_ISA_USAGE = YES_ERROR;
				CLANG_WARN_DOCUMENTATION_COMMENTS = YES;
				CLANG_WARN_EMPTY_BODY = YES;
				CLANG_WARN_ENUM_CONVERSION = YES;
				CLANG_WARN_INFINITE_RECURSION = YES;
				CLANG_WARN_INT_CONVERSION = YES;
				CLANG_WARN_NON_LITERAL_NULL_CONVERSION = YES;
				CLANG_WARN_OBJC_LITERAL_CONVERSION = YES;
				CLANG_WARN_OBJC_ROOT_CLASS = YES_ERROR;
				CLANG_WARN_RANGE_LOOP_ANALYSIS = YES;
				CLANG_WARN_STRICT_PROTOTYPES = YES;
				CLANG_WARN_SUSPICIOUS_MOVE = YES;
				CLANG_WARN_UNGUARDED_AVAILABILITY = YES_AGGRESSIVE;
				CLANG_WARN_UNREACHABLE_CODE = YES;
				CLANG_WARN__DUPLICATE_METHOD_MATCH = YES;
				CODE_SIGN_IDENTITY = "iPhone Developer";
				COPY_PHASE_STRIP = NO;
				DEBUG_INFORMATION_FORMAT = "dwarf-with-dsym";
				ENABLE_NS_ASSERTIONS = NO;
				ENABLE_STRICT_OBJC_MSGSEND = YES;
				GCC_C_LANGUAGE_STANDARD = gnu11;
				GCC_NO_COMMON_BLOCKS = YES;
				GCC_WARN_64_TO_32_BIT_CONVERSION = YES;
				GCC_WARN_ABOUT_RETURN_TYPE = YES_ERROR;
				GCC_WARN_UNDECLARED_SELECTOR = YES;
				GCC_WARN_UNINITIALIZED_AUTOS = YES_AGGRESSIVE;
				GCC_WARN_UNUSED_FUNCTION = YES;
				GCC_WARN_UNUSED_VARIABLE = YES;
				IPHONEOS_DEPLOYMENT_TARGET = 11.2;
				MTL_ENABLE_DEBUG_INFO = NO;
				SDKROOT = iphoneos;
				SWIFT_OPTIMIZATION_LEVEL = "-Owholemodule";
				VALIDATE_PRODUCT = YES;
			};
			name = Release;
		};
		C0FE7FF520230B6E00CA7E8D /* Debug */ = {
			isa = XCBuildConfiguration;
			baseConfigurationReference = A6A4755A68D9BC3E02E5C417 /* Pods-YCGitHub.debug.xcconfig */;
			buildSettings = {
				ASSETCATALOG_COMPILER_APPICON_NAME = AppIcon;
				CODE_SIGN_STYLE = Automatic;
				INFOPLIST_FILE = YCGitHub/Info.plist;
				IPHONEOS_DEPLOYMENT_TARGET = 9.0;
				LD_RUNPATH_SEARCH_PATHS = "$(inherited) @executable_path/Frameworks";
				PRODUCT_BUNDLE_IDENTIFIER = com.youkastation.YCGitHub;
				PRODUCT_NAME = "$(TARGET_NAME)";
				SWIFT_VERSION = 4.0;
				TARGETED_DEVICE_FAMILY = 1;
			};
			name = Debug;
		};
		C0FE7FF620230B6E00CA7E8D /* Release */ = {
			isa = XCBuildConfiguration;
			baseConfigurationReference = 277567E66643A4ED39F170B5 /* Pods-YCGitHub.release.xcconfig */;
			buildSettings = {
				ASSETCATALOG_COMPILER_APPICON_NAME = AppIcon;
				CODE_SIGN_STYLE = Automatic;
				INFOPLIST_FILE = YCGitHub/Info.plist;
				IPHONEOS_DEPLOYMENT_TARGET = 9.0;
				LD_RUNPATH_SEARCH_PATHS = "$(inherited) @executable_path/Frameworks";
				PRODUCT_BUNDLE_IDENTIFIER = com.youkastation.YCGitHub;
				PRODUCT_NAME = "$(TARGET_NAME)";
				SWIFT_VERSION = 4.0;
				TARGETED_DEVICE_FAMILY = 1;
			};
			name = Release;
		};
/* End XCBuildConfiguration section */

/* Begin XCConfigurationList section */
		C0FE7FDD20230B6E00CA7E8D /* Build configuration list for PBXProject "YCGitHub" */ = {
			isa = XCConfigurationList;
			buildConfigurations = (
				C0FE7FF220230B6E00CA7E8D /* Debug */,
				C0FE7FF320230B6E00CA7E8D /* Release */,
			);
			defaultConfigurationIsVisible = 0;
			defaultConfigurationName = Release;
		};
		C0FE7FF420230B6E00CA7E8D /* Build configuration list for PBXNativeTarget "YCGitHub" */ = {
			isa = XCConfigurationList;
			buildConfigurations = (
				C0FE7FF520230B6E00CA7E8D /* Debug */,
				C0FE7FF620230B6E00CA7E8D /* Release */,
			);
			defaultConfigurationIsVisible = 0;
			defaultConfigurationName = Release;
		};
/* End XCConfigurationList section */
	};
	rootObject = C0FE7FDA20230B6E00CA7E8D /* Project object */;
}
