PODS:
  - Alamofire (4.6.0)
  - ESTabBarController-swift (2.5)
  - HandyJSON (4.0.0-beta.1)
  - Kingfisher (4.6.1)
  - MJRefresh (3.1.15.3)
  - R.swift (4.0.0):
    - R.swift.Library (~> 4.0.0)
  - R.swift.Library (4.0.0)
  - SnapKit (4.0.0)
  - SwiftMessages (4.1.0)
  - XLPagerTabStrip (8.0.0)

DEPENDENCIES:
  - Alamofire
  - ESTabBarController-swift
  - HandyJSON (= 4.0.0-beta.1)
  - Kingfisher
  - MJRefresh
  - R.swift
  - SnapKit
  - SwiftMessages
  - XLPagerTabStrip

SPEC CHECKSUMS:
  Alamofire: f41a599bd63041760b26d393ec1069d9d7b917f4
  ESTabBarController-swift: 8daa432f2a9be8ebd25101dc46c84472fd760512
  HandyJSON: 428bb18e2c34c2a77361accebf90cf64e4f74118
  Kingfisher: 1f9157d9c02b380cbd0b7cc890161195164eb634
  MJRefresh: b48380ae2b927b46c4ef000de9adb8dc748e1df7
  R.swift: d6a5ec2f55a8441dc0ed9f1f8b37d7d11ae85c66
  R.swift.Library: c3af34921024333546e23b70e70d0b4e0cffca75
  SnapKit: a42d492c16e80209130a3379f73596c3454b7694
  SwiftMessages: 1bacc783c8f10bdfdc57c14860cae8a1f1fa6591
  XLPagerTabStrip: d1ab378af0923320ec0b5eab11d7b2f803d31261

PODFILE CHECKSUM: cd4624804ceb7693682612c0d92e691486086e3c

COCOAPODS: 1.4.0
